
Microsoft Visual Studio Solution File, Format Version 12.00
# Visual Studio Version 16
VisualStudioVersion = 16.0.31402.337
MinimumVisualStudioVersion = 10.0.40219.1
Project("{9A19103F-16F7-4668-BE54-9A1E7A4F7556}") = "OngProject", "OngProject\OngProject.csproj", "{4F43CE39-A0A2-4130-83A2-EFDC4AEB669E}"
EndProject
Project("{FAE04EC0-301F-11D3-BF4B-00C04F79EFBC}") = "Abstractions", "Abstractions\Abstractions.csproj", "{3785EDAE-DDDA-4FE8-B48C-46580600D65A}"
EndProject
Project("{FAE04EC0-301F-11D3-BF4B-00C04F79EFBC}") = "Core", "Core\Core.csproj", "{AD503D91-2ED3-4EEE-8FCB-E115E61ADF4E}"
EndProject
Project("{FAE04EC0-301F-11D3-BF4B-00C04F79EFBC}") = "Entities", "Entities\Entities.csproj", "{5FB469A0-8A2A-43A5-9B88-94DE4A3F5D67}"
EndProject
Project("{FAE04EC0-301F-11D3-BF4B-00C04F79EFBC}") = "Repositories", "Repositories\Repositories.csproj", "{1A7C2A9A-6B88-4201-8862-8D7E668E6A28}"
EndProject
Project("{FAE04EC0-301F-11D3-BF4B-00C04F79EFBC}") = "Services", "Services\Services.csproj", "{2F9C10CA-E09E-417F-A232-E94CEE6FC27E}"
EndProject
Project("{FAE04EC0-301F-11D3-BF4B-00C04F79EFBC}") = "DataAccess", "DataAccess\DataAccess.csproj", "{254DC1DF-9266-4EF8-AED3-096422E28182}"
EndProject
Global
	GlobalSection(SolutionConfigurationPlatforms) = preSolution
		Debug|Any CPU = Debug|Any CPU
		Release|Any CPU = Release|Any CPU
	EndGlobalSection
	GlobalSection(ProjectConfigurationPlatforms) = postSolution
		{4F43CE39-A0A2-4130-83A2-EFDC4AEB669E}.Debug|Any CPU.ActiveCfg = Debug|Any CPU
		{4F43CE39-A0A2-4130-83A2-EFDC4AEB669E}.Debug|Any CPU.Build.0 = Debug|Any CPU
		{4F43CE39-A0A2-4130-83A2-EFDC4AEB669E}.Release|Any CPU.ActiveCfg = Release|Any CPU
		{4F43CE39-A0A2-4130-83A2-EFDC4AEB669E}.Release|Any CPU.Build.0 = Release|Any CPU
		{3785EDAE-DDDA-4FE8-B48C-46580600D65A}.Debug|Any CPU.ActiveCfg = Debug|Any CPU
		{3785EDAE-DDDA-4FE8-B48C-46580600D65A}.Debug|Any CPU.Build.0 = Debug|Any CPU
		{3785EDAE-DDDA-4FE8-B48C-46580600D65A}.Release|Any CPU.ActiveCfg = Release|Any CPU
		{3785EDAE-DDDA-4FE8-B48C-46580600D65A}.Release|Any CPU.Build.0 = Release|Any CPU
		{AD503D91-2ED3-4EEE-8FCB-E115E61ADF4E}.Debug|Any CPU.ActiveCfg = Debug|Any CPU
		{AD503D91-2ED3-4EEE-8FCB-E115E61ADF4E}.Debug|Any CPU.Build.0 = Debug|Any CPU
		{AD503D91-2ED3-4EEE-8FCB-E115E61ADF4E}.Release|Any CPU.ActiveCfg = Release|Any CPU
		{AD503D91-2ED3-4EEE-8FCB-E115E61ADF4E}.Release|Any CPU.Build.0 = Release|Any CPU
		{5FB469A0-8A2A-43A5-9B88-94DE4A3F5D67}.Debug|Any CPU.ActiveCfg = Debug|Any CPU
		{5FB469A0-8A2A-43A5-9B88-94DE4A3F5D67}.Debug|Any CPU.Build.0 = Debug|Any CPU
		{5FB469A0-8A2A-43A5-9B88-94DE4A3F5D67}.Release|Any CPU.ActiveCfg = Release|Any CPU
		{5FB469A0-8A2A-43A5-9B88-94DE4A3F5D67}.Release|Any CPU.Build.0 = Release|Any CPU
		{1A7C2A9A-6B88-4201-8862-8D7E668E6A28}.Debug|Any CPU.ActiveCfg = Debug|Any CPU
		{1A7C2A9A-6B88-4201-8862-8D7E668E6A28}.Debug|Any CPU.Build.0 = Debug|Any CPU
		{1A7C2A9A-6B88-4201-8862-8D7E668E6A28}.Release|Any CPU.ActiveCfg = Release|Any CPU
		{1A7C2A9A-6B88-4201-8862-8D7E668E6A28}.Release|Any CPU.Build.0 = Release|Any CPU
		{2F9C10CA-E09E-417F-A232-E94CEE6FC27E}.Debug|Any CPU.ActiveCfg = Debug|Any CPU
		{2F9C10CA-E09E-417F-A232-E94CEE6FC27E}.Debug|Any CPU.Build.0 = Debug|Any CPU
		{2F9C10CA-E09E-417F-A232-E94CEE6FC27E}.Release|Any CPU.ActiveCfg = Release|Any CPU
		{2F9C10CA-E09E-417F-A232-E94CEE6FC27E}.Release|Any CPU.Build.0 = Release|Any CPU
		{254DC1DF-9266-4EF8-AED3-096422E28182}.Debug|Any CPU.ActiveCfg = Debug|Any CPU
		{254DC1DF-9266-4EF8-AED3-096422E28182}.Debug|Any CPU.Build.0 = Debug|Any CPU
		{254DC1DF-9266-4EF8-AED3-096422E28182}.Release|Any CPU.ActiveCfg = Release|Any CPU
		{254DC1DF-9266-4EF8-AED3-096422E28182}.Release|Any CPU.Build.0 = Release|Any CPU
	EndGlobalSection
	GlobalSection(SolutionProperties) = preSolution
		HideSolutionNode = FALSE
	EndGlobalSection
	GlobalSection(ExtensibilityGlobals) = postSolution
		SolutionGuid = {6D98DB81-7946-4A80-84D4-C2BD55E99DE3}
	EndGlobalSection
EndGlobal
